
Microsoft Visual Studio Solution File, Format Version 12.00
# Visual Studio Version 17
VisualStudioVersion = 17.4.33205.214
MinimumVisualStudioVersion = 10.0.40219.1
Project("{FAE04EC0-301F-11D3-BF4B-00C04F79EFBC}") = "XeRon Executor", "bang\XeRon Executor.csproj", "{7433D69A-C2E3-47C6-B804-79134AD119A8}"
EndProject
Global
	GlobalSection(SolutionConfigurationPlatforms) = preSolution
		Debug|Any CPU = Debug|Any CPU
		Release|Any CPU = Release|Any CPU
	EndGlobalSection
	GlobalSection(ProjectConfigurationPlatforms) = postSolution
		{7433D69A-C2E3-47C6-B804-79134AD119A8}.Debug|Any CPU.ActiveCfg = Debug|Any CPU
		{7433D69A-C2E3-47C6-B804-79134AD119A8}.Debug|Any CPU.Build.0 = Debug|Any CPU
		{7433D69A-C2E3-47C6-B804-79134AD119A8}.Release|Any CPU.ActiveCfg = Release|Any CPU
		{7433D69A-C2E3-47C6-B804-79134AD119A8}.Release|Any CPU.Build.0 = Release|Any CPU
	EndGlobalSection
	GlobalSection(SolutionProperties) = preSolution
		HideSolutionNode = FALSE
	EndGlobalSection
	GlobalSection(ExtensibilityGlobals) = postSolution
		SolutionGuid = {68097E80-9336-4096-A4AD-5AE68FACDCF3}
	EndGlobalSection
EndGlobal
